
Microsoft Visual Studio Solution File, Format Version 12.00
# Visual Studio Version 17
VisualStudioVersion = 17.5.33516.290
MinimumVisualStudioVersion = 10.0.40219.1
Project("{FAE04EC0-301F-11D3-BF4B-00C04F79EFBC}") = "Claudiu_3133A", "Claudiu_3133A.csproj", "{677C3FF6-9914-4D0D-A1A6-8946011FAE8D}"
EndProject
Global
	GlobalSection(SolutionConfigurationPlatforms) = preSolution
		Debug|Any CPU = Debug|Any CPU
		Release|Any CPU = Release|Any CPU
	EndGlobalSection
	GlobalSection(ProjectConfigurationPlatforms) = postSolution
		{677C3FF6-9914-4D0D-A1A6-8946011FAE8D}.Debug|Any CPU.ActiveCfg = Debug|Any CPU
		{677C3FF6-9914-4D0D-A1A6-8946011FAE8D}.Debug|Any CPU.Build.0 = Debug|Any CPU
		{677C3FF6-9914-4D0D-A1A6-8946011FAE8D}.Release|Any CPU.ActiveCfg = Release|Any CPU
		{677C3FF6-9914-4D0D-A1A6-8946011FAE8D}.Release|Any CPU.Build.0 = Release|Any CPU
	EndGlobalSection
	GlobalSection(SolutionProperties) = preSolution
		HideSolutionNode = FALSE
	EndGlobalSection
	GlobalSection(ExtensibilityGlobals) = postSolution
		SolutionGuid = {62E2D209-0A6B-4B95-A97D-20139C0E7526}
	EndGlobalSection
EndGlobal
